// !$*UTF8*$!
{
	archiveVersion = 1;
	classes = {
	};
	objectVersion = 46;
	objects = {

/* Begin PBXBuildFile section */
		E38CB9101E1197B600ACEA3D /* main.m in Sources */ = {isa = PBXBuildFile; fileRef = E38CB90F1E1197B600ACEA3D /* main.m */; };
		E38CB9131E1197B600ACEA3D /* AppDelegate.m in Sources */ = {isa = PBXBuildFile; fileRef = E38CB9121E1197B600ACEA3D /* AppDelegate.m */; };
		E38CB9161E1197B600ACEA3D /* ViewController.m in Sources */ = {isa = PBXBuildFile; fileRef = E38CB9151E1197B600ACEA3D /* ViewController.m */; };
		E38CB9191E1197B600ACEA3D /* Main.storyboard in Resources */ = {isa = PBXBuildFile; fileRef = E38CB9171E1197B600ACEA3D /* Main.storyboard */; };
		E38CB91C1E1197B600ACEA3D /* Test.xcdatamodeld in Sources */ = {isa = PBXBuildFile; fileRef = E38CB91A1E1197B600ACEA3D /* Test.xcdatamodeld */; };
		E38CB91E1E1197B600ACEA3D /* Assets.xcassets in Resources */ = {isa = PBXBuildFile; fileRef = E38CB91D1E1197B600ACEA3D /* Assets.xcassets */; };
		E38CB9211E1197B600ACEA3D /* LaunchScreen.storyboard in Resources */ = {isa = PBXBuildFile; fileRef = E38CB91F1E1197B600ACEA3D /* LaunchScreen.storyboard */; };
/* End PBXBuildFile section */

/* Begin PBXFileReference section */
		E38CB90B1E1197B600ACEA3D /* Test.app */ = {isa = PBXFileReference; explicitFileType = wrapper.application; includeInIndex = 0; path = Test.app; sourceTree = BUILT_PRODUCTS_DIR; };
		E38CB90F1E1197B600ACEA3D /* main.m */ = {isa = PBXFileReference; lastKnownFileType = sourcecode.c.objc; path = main.m; sourceTree = "<group>"; };
		E38CB9111E1197B600ACEA3D /* AppDelegate.h */ = {isa = PBXFileReference; lastKnownFileType = sourcecode.c.h; path = AppDelegate.h; sourceTree = "<group>"; };
		E38CB9121E1197B600ACEA3D /* AppDelegate.m */ = {isa = PBXFileReference; lastKnownFileType = sourcecode.c.objc; path = AppDelegate.m; sourceTree = "<group>"; };
		E38CB9141E1197B600ACEA3D /* ViewController.h */ = {isa = PBXFileReference; lastKnownFileType = sourcecode.c.h; path = ViewController.h; sourceTree = "<group>"; };
		E38CB9151E1197B600ACEA3D /* ViewController.m */ = {isa = PBXFileReference; lastKnownFileType = sourcecode.c.objc; path = ViewController.m; sourceTree = "<group>"; };
		E38CB9181E1197B600ACEA3D /* Base */ = {isa = PBXFileReference; lastKnownFileType = file.storyboard; name = Base; path = Base.lproj/Main.storyboard; sourceTree = "<group>"; };
		E38CB91B1E1197B600ACEA3D /* Test.xcdatamodel */ = {isa = PBXFileReference; lastKnownFileType = wrapper.xcdatamodel; path = Test.xcdatamodel; sourceTree = "<group>"; };
		E38CB91D1E1197B600ACEA3D /* Assets.xcassets */ = {isa = PBXFileReference; lastKnownFileType = folder.assetcatalog; path = Assets.xcassets; sourceTree = "<group>"; };
		E38CB9201E1197B600ACEA3D /* Base */ = {isa = PBXFileReference; lastKnownFileType = file.storyboard; name = Base; path = Base.lproj/LaunchScreen.storyboard; sourceTree = "<group>"; };
		E38CB9221E1197B600ACEA3D /* Info.plist */ = {isa = PBXFileReference; lastKnownFileType = text.plist.xml; path = Info.plist; sourceTree = "<group>"; };
/* End PBXFileReference section */

/* Begin PBXFrameworksBuildPhase section */
		E38CB9081E1197B600ACEA3D /* Frameworks */ = {
			isa = PBXFrameworksBuildPhase;
			buildActionMask = 2147483647;
			files = (
			);
			runOnlyForDeploymentPostprocessing = 0;
		};
/* End PBXFrameworksBuildPhase section */

/* Begin PBXGroup section */
		E38CB9021E1197B500ACEA3D = {
			isa = PBXGroup;
			children = (
				E38CB90D1E1197B600ACEA3D /* Test */,
				E38CB90C1E1197B600ACEA3D /* Products */,
			);
			sourceTree = "<group>";
		};
		E38CB90C1E1197B600ACEA3D /* Products */ = {
			isa = PBXGroup;
			children = (
				E38CB90B1E1197B600ACEA3D /* Test.app */,
			);
			name = Products;
			sourceTree = "<group>";
		};
		E38CB90D1E1197B600ACEA3D /* Test */ = {
			isa = PBXGroup;
			children = (
				E38CB9111E1197B600ACEA3D /* AppDelegate.h */,
				E38CB9121E1197B600ACEA3D /* AppDelegate.m */,
				E38CB9141E1197B600ACEA3D /* ViewController.h */,
				E38CB9151E1197B600ACEA3D /* ViewController.m */,
				E38CB9171E1197B600ACEA3D /* Main.storyboard */,
				E38CB91D1E1197B600ACEA3D /* Assets.xcassets */,
				E38CB91F1E1197B600ACEA3D /* LaunchScreen.storyboard */,
				E38CB9221E1197B600ACEA3D /* Info.plist */,
				E38CB91A1E1197B600ACEA3D /* Test.xcdatamodeld */,
				E38CB90E1E1197B600ACEA3D /* Supporting Files */,
			);
			path = Test;
			sourceTree = "<group>";
		};
		E38CB90E1E1197B600ACEA3D /* Supporting Files */ = {
			isa = PBXGroup;
			children = (
				E38CB90F1E1197B600ACEA3D /* main.m */,
			);
			name = "Supporting Files";
			sourceTree = "<group>";
		};
/* End PBXGroup section */

/* Begin PBXNativeTarget section */
		E38CB90A1E1197B600ACEA3D /* Test */ = {
			isa = PBXNativeTarget;
			buildConfigurationList = E38CB9251E1197B600ACEA3D /* Build configuration list for PBXNativeTarget "Test" */;
			buildPhases = (
				E38CB9071E1197B600ACEA3D /* Sources */,
				E38CB9081E1197B600ACEA3D /* Frameworks */,
				E38CB9091E1197B600ACEA3D /* Resources */,
			);
			buildRules = (
			);
			dependencies = (
			);
			name = Test;
			productName = Test;
			productReference = E38CB90B1E1197B600ACEA3D /* Test.app */;
			productType = "com.apple.product-type.application";
		};
/* End PBXNativeTarget section */

/* Begin PBXProject section */
		E38CB9031E1197B500ACEA3D /* Project object */ = {
			isa = PBXProject;
			attributes = {
				LastUpgradeCheck = 0730;
				ORGANIZATIONNAME = murugan;
				TargetAttributes = {
					E38CB90A1E1197B600ACEA3D = {
						CreatedOnToolsVersion = 7.3.1;
					};
				};
			};
			buildConfigurationList = E38CB9061E1197B500ACEA3D /* Build configuration list for PBXProject "Test" */;
			compatibilityVersion = "Xcode 3.2";
			developmentRegion = English;
			hasScannedForEncodings = 0;
			knownRegions = (
				en,
				Base,
			);
			mainGroup = E38CB9021E1197B500ACEA3D;
			productRefGroup = E38CB90C1E1197B600ACEA3D /* Products */;
			projectDirPath = "";
			projectRoot = "";
			targets = (
				E38CB90A1E1197B600ACEA3D /* Test */,
			);
		};
/* End PBXProject section */

/* Begin PBXResourcesBuildPhase section */
		E38CB9091E1197B600ACEA3D /* Resources */ = {
			isa = PBXResourcesBuildPhase;
			buildActionMask = 2147483647;
			files = (
				E38CB9211E1197B600ACEA3D /* LaunchScreen.storyboard in Resources */,
				E38CB91E1E1197B600ACEA3D /* Assets.xcassets in Resources */,
				E38CB9191E1197B600ACEA3D /* Main.storyboard in Resources */,
			);
			runOnlyForDeploymentPostprocessing = 0;
		};
/* End PBXResourcesBuildPhase section */

/* Begin PBXSourcesBuildPhase section */
		E38CB9071E1197B600ACEA3D /* Sources */ = {
			isa = PBXSourcesBuildPhase;
			buildActionMask = 2147483647;
			files = (
				E38CB9161E1197B600ACEA3D /* ViewController.m in Sources */,
				E38CB91C1E1197B600ACEA3D /* Test.xcdatamodeld in Sources */,
				E38CB9131E1197B600ACEA3D /* AppDelegate.m in Sources */,
				E38CB9101E1197B600ACEA3D /* main.m in Sources */,
			);
			runOnlyForDeploymentPostprocessing = 0;
		};
/* End PBXSourcesBuildPhase section */

/* Begin PBXVariantGroup section */
		E38CB9171E1197B600ACEA3D /* Main.storyboard */ = {
			isa = PBXVariantGroup;
			children = (
				E38CB9181E1197B600ACEA3D /* Base */,
			);
			name = Main.storyboard;
			sourceTree = "<group>";
		};
		E38CB91F1E1197B600ACEA3D /* LaunchScreen.storyboard */ = {
			isa = PBXVariantGroup;
			children = (
				E38CB9201E1197B600ACEA3D /* Base */,
			);
			name = LaunchScreen.storyboard;
			sourceTree = "<group>";
		};
/* End PBXVariantGroup section */

/* Begin XCBuildConfiguration section */
		E38CB9231E1197B600ACEA3D /* Debug */ = {
			isa = XCBuildConfiguration;
			buildSettings = {
				ALWAYS_SEARCH_USER_PATHS = NO;
				CLANG_ANALYZER_NONNULL = YES;
				CLANG_CXX_LANGUAGE_STANDARD = "gnu++0x";
				CLANG_CXX_LIBRARY = "libc++";
				CLANG_ENABLE_MODULES = YES;
				CLANG_ENABLE_OBJC_ARC = YES;
				CLANG_WARN_BOOL_CONVERSION = YES;
				CLANG_WARN_CONSTANT_CONVERSION = YES;
				CLANG_WARN_DIRECT_OBJC_ISA_USAGE = YES_ERROR;
				CLANG_WARN_EMPTY_BODY = YES;
				CLANG_WARN_ENUM_CONVERSION = YES;
				CLANG_WARN_INT_CONVERSION = YES;
				CLANG_WARN_OBJC_ROOT_CLASS = YES_ERROR;
				CLANG_WARN_UNREACHABLE_CODE = YES;
				CLANG_WARN__DUPLICATE_METHOD_MATCH = YES;
				"CODE_SIGN_IDENTITY[sdk=iphoneos*]" = "iPhone Developer";
				COPY_PHASE_STRIP = NO;
				DEBUG_INFORMATION_FORMAT = dwarf;
				ENABLE_STRICT_OBJC_MSGSEND = YES;
				ENABLE_TESTABILITY = YES;
				GCC_C_LANGUAGE_STANDARD = gnu99;
				GCC_DYNAMIC_NO_PIC = NO;
				GCC_NO_COMMON_BLOCKS = YES;
				GCC_OPTIMIZATION_LEVEL = 0;
				GCC_PREPROCESSOR_DEFINITIONS = (
					"DEBUG=1",
					"$(inherited)",
				);
				GCC_WARN_64_TO_32_BIT_CONVERSION = YES;
				GCC_WARN_ABOUT_RETURN_TYPE = YES_ERROR;
				GCC_WARN_UNDECLARED_SELECTOR = YES;
				GCC_WARN_UNINITIALIZED_AUTOS = YES_AGGRESSIVE;
				GCC_WARN_UNUSED_FUNCTION = YES;
				GCC_WARN_UNUSED_VARIABLE = YES;
				IPHONEOS_DEPLOYMENT_TARGET = 9.3;
				MTL_ENABLE_DEBUG_INFO = YES;
				ONLY_ACTIVE_ARCH = YES;
				SDKROOT = iphoneos;
				TARGETED_DEVICE_FAMILY = "1,2";
			};
			name = Debug;
		};
		E38CB9241E1197B600ACEA3D /* Release */ = {
			isa = XCBuildConfiguration;
			buildSettings = {
				ALWAYS_SEARCH_USER_PATHS = NO;
				CLANG_ANALYZER_NONNULL = YES;
				CLANG_CXX_LANGUAGE_STANDARD = "gnu++0x";
				CLANG_CXX_LIBRARY = "libc++";
				CLANG_ENABLE_MODULES = YES;
				CLANG_ENABLE_OBJC_ARC = YES;
				CLANG_WARN_BOOL_CONVERSION = YES;
				CLANG_WARN_CONSTANT_CONVERSION = YES;
				CLANG_WARN_DIRECT_OBJC_ISA_USAGE = YES_ERROR;
				CLANG_WARN_EMPTY_BODY = YES;
				CLANG_WARN_ENUM_CONVERSION = YES;
				CLANG_WARN_INT_CONVERSION = YES;
				CLANG_WARN_OBJC_ROOT_CLASS = YES_ERROR;
				CLANG_WARN_UNREACHABLE_CODE = YES;
				CLANG_WARN__DUPLICATE_METHOD_MATCH = YES;
				"CODE_SIGN_IDENTITY[sdk=iphoneos*]" = "iPhone Developer";
				COPY_PHASE_STRIP = NO;
				DEBUG_INFORMATION_FORMAT = "dwarf-with-dsym";
				ENABLE_NS_ASSERTIONS = NO;
				ENABLE_STRICT_OBJC_MSGSEND = YES;
				GCC_C_LANGUAGE_STANDARD = gnu99;
				GCC_NO_COMMON_BLOCKS = YES;
				GCC_WARN_64_TO_32_BIT_CONVERSION = YES;
				GCC_WARN_ABOUT_RETURN_TYPE = YES_ERROR;
				GCC_WARN_UNDECLARED_SELECTOR = YES;
				GCC_WARN_UNINITIALIZED_AUTOS = YES_AGGRESSIVE;
				GCC_WARN_UNUSED_FUNCTION = YES;
				GCC_WARN_UNUSED_VARIABLE = YES;
				IPHONEOS_DEPLOYMENT_TARGET = 9.3;
				MTL_ENABLE_DEBUG_INFO = NO;
				SDKROOT = iphoneos;
				TARGETED_DEVICE_FAMILY = "1,2";
				VALIDATE_PRODUCT = YES;
			};
			name = Release;
		};
		E38CB9261E1197B600ACEA3D /* Debug */ = {
			isa = XCBuildConfiguration;
			buildSettings = {
				ASSETCATALOG_COMPILER_APPICON_NAME = AppIcon;
				INFOPLIST_FILE = Test/Info.plist;
				LD_RUNPATH_SEARCH_PATHS = "$(inherited) @executable_path/Frameworks";
				PRODUCT_BUNDLE_IDENTIFIER = com.sample.test.Test;
				PRODUCT_NAME = "$(TARGET_NAME)";
			};
			name = Debug;
		};
		E38CB9271E1197B600ACEA3D /* Release */ = {
			isa = XCBuildConfiguration;
			buildSettings = {
				ASSETCATALOG_COMPILER_APPICON_NAME = AppIcon;
				INFOPLIST_FILE = Test/Info.plist;
				LD_RUNPATH_SEARCH_PATHS = "$(inherited) @executable_path/Frameworks";
				PRODUCT_BUNDLE_IDENTIFIER = com.sample.test.Test;
				PRODUCT_NAME = "$(TARGET_NAME)";
			};
			name = Release;
		};
/* End XCBuildConfiguration section */

/* Begin XCConfigurationList section */
		E38CB9061E1197B500ACEA3D /* Build configuration list for PBXProject "Test" */ = {
			isa = XCConfigurationList;
			buildConfigurations = (
				E38CB9231E1197B600ACEA3D /* Debug */,
				E38CB9241E1197B600ACEA3D /* Release */,
			);
			defaultConfigurationIsVisible = 0;
			defaultConfigurationName = Release;
		};
		E38CB9251E1197B600ACEA3D /* Build configuration list for PBXNativeTarget "Test" */ = {
			isa = XCConfigurationList;
			buildConfigurations = (
				E38CB9261E1197B600ACEA3D /* Debug */,
				E38CB9271E1197B600ACEA3D /* Release */,
			);
			defaultConfigurationIsVisible = 0;
		};
/* End XCConfigurationList section */

/* Begin XCVersionGroup section */
		E38CB91A1E1197B600ACEA3D /* Test.xcdatamodeld */ = {
			isa = XCVersionGroup;
			children = (
				E38CB91B1E1197B600ACEA3D /* Test.xcdatamodel */,
			);
			currentVersion = E38CB91B1E1197B600ACEA3D /* Test.xcdatamodel */;
			path = Test.xcdatamodeld;
			sourceTree = "<group>";
			versionGroupType = wrapper.xcdatamodel;
		};
/* End XCVersionGroup section */
	};
	rootObject = E38CB9031E1197B500ACEA3D /* Project object */;
}
